// !$*UTF8*$!
{
	archiveVersion = 1;
	classes = {
	};
	objectVersion = 77;
	objects = {

/* Begin PBXBuildFile section */
		A26291772CEBACB500ECA317 /* ICantEven Extension.appex in Embed Foundation Extensions */ = {isa = PBXBuildFile; fileRef = A26291762CEBACB500ECA317 /* ICantEven Extension.appex */; settings = {ATTRIBUTES = (RemoveHeadersOnCopy, ); }; };
		A26291812CEBACB500ECA317 /* ICantEven Extension.appex in Embed Foundation Extensions */ = {isa = PBXBuildFile; fileRef = A26291802CEBACB500ECA317 /* ICantEven Extension.appex */; settings = {ATTRIBUTES = (RemoveHeadersOnCopy, ); }; };
/* End PBXBuildFile section */

/* Begin PBXContainerItemProxy section */
		A26291782CEBACB500ECA317 /* PBXContainerItemProxy */ = {
			isa = PBXContainerItemProxy;
			containerPortal = A262913C2CEBACB400ECA317 /* Project object */;
			proxyType = 1;
			remoteGlobalIDString = A26291752CEBACB500ECA317;
			remoteInfo = "ICantEven Extension (iOS)";
		};
		A26291822CEBACB500ECA317 /* PBXContainerItemProxy */ = {
			isa = PBXContainerItemProxy;
			containerPortal = A262913C2CEBACB400ECA317 /* Project object */;
			proxyType = 1;
			remoteGlobalIDString = A262917F2CEBACB500ECA317;
			remoteInfo = "ICantEven Extension (macOS)";
		};
/* End PBXContainerItemProxy section */

/* Begin PBXCopyFilesBuildPhase section */
		A26291AA2CEBACB500ECA317 /* Embed Foundation Extensions */ = {
			isa = PBXCopyFilesBuildPhase;
			buildActionMask = 2147483647;
			dstPath = "";
			dstSubfolderSpec = 13;
			files = (
				A26291772CEBACB500ECA317 /* ICantEven Extension.appex in Embed Foundation Extensions */,
			);
			name = "Embed Foundation Extensions";
			runOnlyForDeploymentPostprocessing = 0;
		};
		A26291B42CEBACB500ECA317 /* Embed Foundation Extensions */ = {
			isa = PBXCopyFilesBuildPhase;
			buildActionMask = 2147483647;
			dstPath = "";
			dstSubfolderSpec = 13;
			files = (
				A26291812CEBACB500ECA317 /* ICantEven Extension.appex in Embed Foundation Extensions */,
			);
			name = "Embed Foundation Extensions";
			runOnlyForDeploymentPostprocessing = 0;
		};
/* End PBXCopyFilesBuildPhase section */

/* Begin PBXFileReference section */
		A26291582CEBACB500ECA317 /* ICantEven.app */ = {isa = PBXFileReference; explicitFileType = wrapper.application; includeInIndex = 0; path = ICantEven.app; sourceTree = BUILT_PRODUCTS_DIR; };
		A262916A2CEBACB500ECA317 /* ICantEven.app */ = {isa = PBXFileReference; explicitFileType = wrapper.application; includeInIndex = 0; path = ICantEven.app; sourceTree = BUILT_PRODUCTS_DIR; };
		A26291762CEBACB500ECA317 /* ICantEven Extension.appex */ = {isa = PBXFileReference; explicitFileType = "wrapper.app-extension"; includeInIndex = 0; path = "ICantEven Extension.appex"; sourceTree = BUILT_PRODUCTS_DIR; };
		A26291802CEBACB500ECA317 /* ICantEven Extension.appex */ = {isa = PBXFileReference; explicitFileType = "wrapper.app-extension"; includeInIndex = 0; path = "ICantEven Extension.appex"; sourceTree = BUILT_PRODUCTS_DIR; };
/* End PBXFileReference section */

/* Begin PBXFileSystemSynchronizedBuildFileExceptionSet section */
		A26291A52CEBACB500ECA317 /* Exceptions for "Shared (App)" folder in "ICantEven (iOS)" target */ = {
			isa = PBXFileSystemSynchronizedBuildFileExceptionSet;
			membershipExceptions = (
				"/Localized: Resources/Main.html",
				Assets.xcassets,
				Resources/icon.png,
				Resources/Script.js,
				Resources/Style.css,
				ViewController.swift,
			);
			target = A26291572CEBACB500ECA317 /* ICantEven (iOS) */;
		};
		A26291A92CEBACB500ECA317 /* Exceptions for "iOS (Extension)" folder in "ICantEven Extension (iOS)" target */ = {
			isa = PBXFileSystemSynchronizedBuildFileExceptionSet;
			membershipExceptions = (
				Info.plist,
			);
			target = A26291752CEBACB500ECA317 /* ICantEven Extension (iOS) */;
		};
		A26291AE2CEBACB500ECA317 /* Exceptions for "iOS (App)" folder in "ICantEven (iOS)" target */ = {
			isa = PBXFileSystemSynchronizedBuildFileExceptionSet;
			membershipExceptions = (
				Info.plist,
			);
			target = A26291572CEBACB500ECA317 /* ICantEven (iOS) */;
		};
		A26291AF2CEBACB500ECA317 /* Exceptions for "Shared (App)" folder in "ICantEven (macOS)" target */ = {
			isa = PBXFileSystemSynchronizedBuildFileExceptionSet;
			membershipExceptions = (
				"/Localized: Resources/Main.html",
				Assets.xcassets,
				Resources/icon.png,
				Resources/Script.js,
				Resources/Style.css,
				ViewController.swift,
			);
			target = A26291692CEBACB500ECA317 /* ICantEven (macOS) */;
		};
		A26291B32CEBACB500ECA317 /* Exceptions for "macOS (Extension)" folder in "ICantEven Extension (macOS)" target */ = {
			isa = PBXFileSystemSynchronizedBuildFileExceptionSet;
			membershipExceptions = (
				Info.plist,
			);
			target = A262917F2CEBACB500ECA317 /* ICantEven Extension (macOS) */;
		};
		A26291B82CEBACB500ECA317 /* Exceptions for "Shared (Extension)" folder in "ICantEven Extension (iOS)" target */ = {
			isa = PBXFileSystemSynchronizedBuildFileExceptionSet;
			membershipExceptions = (
				Resources/_locales,
				Resources/background.js,
				Resources/content.js,
				Resources/images,
				Resources/manifest.json,
				Resources/popup.css,
				Resources/popup.html,
				Resources/popup.js,
				SafariWebExtensionHandler.swift,
			);
			target = A26291752CEBACB500ECA317 /* ICantEven Extension (iOS) */;
		};
		A26291B92CEBACB500ECA317 /* Exceptions for "Shared (Extension)" folder in "ICantEven Extension (macOS)" target */ = {
			isa = PBXFileSystemSynchronizedBuildFileExceptionSet;
			membershipExceptions = (
				Resources/_locales,
				Resources/background.js,
				Resources/content.js,
				Resources/images,
				Resources/manifest.json,
				Resources/popup.css,
				Resources/popup.html,
				Resources/popup.js,
				SafariWebExtensionHandler.swift,
			);
			target = A262917F2CEBACB500ECA317 /* ICantEven Extension (macOS) */;
		};
/* End PBXFileSystemSynchronizedBuildFileExceptionSet section */

/* Begin PBXFileSystemSynchronizedRootGroup section */
		A26291402CEBACB400ECA317 /* Shared (App) */ = {
			isa = PBXFileSystemSynchronizedRootGroup;
			exceptions = (
				A26291A52CEBACB500ECA317 /* Exceptions for "Shared (App)" folder in "ICantEven (iOS)" target */,
				A26291AF2CEBACB500ECA317 /* Exceptions for "Shared (App)" folder in "ICantEven (macOS)" target */,
			);
			path = "Shared (App)";
			sourceTree = "<group>";
		};
		A26291492CEBACB500ECA317 /* Shared (Extension) */ = {
			isa = PBXFileSystemSynchronizedRootGroup;
			exceptions = (
				A26291B82CEBACB500ECA317 /* Exceptions for "Shared (Extension)" folder in "ICantEven Extension (iOS)" target */,
				A26291B92CEBACB500ECA317 /* Exceptions for "Shared (Extension)" folder in "ICantEven Extension (macOS)" target */,
			);
			explicitFolders = (
				Resources/_locales,
				Resources/images,
			);
			path = "Shared (Extension)";
			sourceTree = "<group>";
		};
		A262915A2CEBACB500ECA317 /* iOS (App) */ = {
			isa = PBXFileSystemSynchronizedRootGroup;
			exceptions = (
				A26291AE2CEBACB500ECA317 /* Exceptions for "iOS (App)" folder in "ICantEven (iOS)" target */,
			);
			path = "iOS (App)";
			sourceTree = "<group>";
		};
		A262916B2CEBACB500ECA317 /* macOS (App) */ = {
			isa = PBXFileSystemSynchronizedRootGroup;
			path = "macOS (App)";
			sourceTree = "<group>";
		};
		A262917A2CEBACB500ECA317 /* iOS (Extension) */ = {
			isa = PBXFileSystemSynchronizedRootGroup;
			exceptions = (
				A26291A92CEBACB500ECA317 /* Exceptions for "iOS (Extension)" folder in "ICantEven Extension (iOS)" target */,
			);
			path = "iOS (Extension)";
			sourceTree = "<group>";
		};
		A26291842CEBACB500ECA317 /* macOS (Extension) */ = {
			isa = PBXFileSystemSynchronizedRootGroup;
			exceptions = (
				A26291B32CEBACB500ECA317 /* Exceptions for "macOS (Extension)" folder in "ICantEven Extension (macOS)" target */,
			);
			path = "macOS (Extension)";
			sourceTree = "<group>";
		};
/* End PBXFileSystemSynchronizedRootGroup section */

/* Begin PBXFrameworksBuildPhase section */
		A26291552CEBACB500ECA317 /* Frameworks */ = {
			isa = PBXFrameworksBuildPhase;
			buildActionMask = 2147483647;
			files = (
			);
			runOnlyForDeploymentPostprocessing = 0;
		};
		A26291672CEBACB500ECA317 /* Frameworks */ = {
			isa = PBXFrameworksBuildPhase;
			buildActionMask = 2147483647;
			files = (
			);
			runOnlyForDeploymentPostprocessing = 0;
		};
		A26291732CEBACB500ECA317 /* Frameworks */ = {
			isa = PBXFrameworksBuildPhase;
			buildActionMask = 2147483647;
			files = (
			);
			runOnlyForDeploymentPostprocessing = 0;
		};
		A262917D2CEBACB500ECA317 /* Frameworks */ = {
			isa = PBXFrameworksBuildPhase;
			buildActionMask = 2147483647;
			files = (
			);
			runOnlyForDeploymentPostprocessing = 0;
		};
/* End PBXFrameworksBuildPhase section */

/* Begin PBXGroup section */
		A262913B2CEBACB400ECA317 = {
			isa = PBXGroup;
			children = (
				A26291402CEBACB400ECA317 /* Shared (App) */,
				A26291492CEBACB500ECA317 /* Shared (Extension) */,
				A262915A2CEBACB500ECA317 /* iOS (App) */,
				A262916B2CEBACB500ECA317 /* macOS (App) */,
				A262917A2CEBACB500ECA317 /* iOS (Extension) */,
				A26291842CEBACB500ECA317 /* macOS (Extension) */,
				A26291592CEBACB500ECA317 /* Products */,
			);
			sourceTree = "<group>";
		};
		A26291592CEBACB500ECA317 /* Products */ = {
			isa = PBXGroup;
			children = (
				A26291582CEBACB500ECA317 /* ICantEven.app */,
				A262916A2CEBACB500ECA317 /* ICantEven.app */,
				A26291762CEBACB500ECA317 /* ICantEven Extension.appex */,
				A26291802CEBACB500ECA317 /* ICantEven Extension.appex */,
			);
			name = Products;
			sourceTree = "<group>";
		};
/* End PBXGroup section */

/* Begin PBXNativeTarget section */
		A26291572CEBACB500ECA317 /* ICantEven (iOS) */ = {
			isa = PBXNativeTarget;
			buildConfigurationList = A26291AB2CEBACB500ECA317 /* Build configuration list for PBXNativeTarget "ICantEven (iOS)" */;
			buildPhases = (
				A26291542CEBACB500ECA317 /* Sources */,
				A26291552CEBACB500ECA317 /* Frameworks */,
				A26291562CEBACB500ECA317 /* Resources */,
				A26291AA2CEBACB500ECA317 /* Embed Foundation Extensions */,
			);
			buildRules = (
			);
			dependencies = (
				A26291792CEBACB500ECA317 /* PBXTargetDependency */,
			);
			fileSystemSynchronizedGroups = (
				A262915A2CEBACB500ECA317 /* iOS (App) */,
			);
			name = "ICantEven (iOS)";
			packageProductDependencies = (
			);
			productName = "ICantEven (iOS)";
			productReference = A26291582CEBACB500ECA317 /* ICantEven.app */;
			productType = "com.apple.product-type.application";
		};
		A26291692CEBACB500ECA317 /* ICantEven (macOS) */ = {
			isa = PBXNativeTarget;
			buildConfigurationList = A26291B52CEBACB500ECA317 /* Build configuration list for PBXNativeTarget "ICantEven (macOS)" */;
			buildPhases = (
				A26291662CEBACB500ECA317 /* Sources */,
				A26291672CEBACB500ECA317 /* Frameworks */,
				A26291682CEBACB500ECA317 /* Resources */,
				A26291B42CEBACB500ECA317 /* Embed Foundation Extensions */,
			);
			buildRules = (
			);
			dependencies = (
				A26291832CEBACB500ECA317 /* PBXTargetDependency */,
			);
			fileSystemSynchronizedGroups = (
				A262916B2CEBACB500ECA317 /* macOS (App) */,
			);
			name = "ICantEven (macOS)";
			packageProductDependencies = (
			);
			productName = "ICantEven (macOS)";
			productReference = A262916A2CEBACB500ECA317 /* ICantEven.app */;
			productType = "com.apple.product-type.application";
		};
		A26291752CEBACB500ECA317 /* ICantEven Extension (iOS) */ = {
			isa = PBXNativeTarget;
			buildConfigurationList = A26291A62CEBACB500ECA317 /* Build configuration list for PBXNativeTarget "ICantEven Extension (iOS)" */;
			buildPhases = (
				A26291722CEBACB500ECA317 /* Sources */,
				A26291732CEBACB500ECA317 /* Frameworks */,
				A26291742CEBACB500ECA317 /* Resources */,
			);
			buildRules = (
			);
			dependencies = (
			);
			fileSystemSynchronizedGroups = (
				A262917A2CEBACB500ECA317 /* iOS (Extension) */,
			);
			name = "ICantEven Extension (iOS)";
			packageProductDependencies = (
			);
			productName = "ICantEven Extension (iOS)";
			productReference = A26291762CEBACB500ECA317 /* ICantEven Extension.appex */;
			productType = "com.apple.product-type.app-extension";
		};
		A262917F2CEBACB500ECA317 /* ICantEven Extension (macOS) */ = {
			isa = PBXNativeTarget;
			buildConfigurationList = A26291B02CEBACB500ECA317 /* Build configuration list for PBXNativeTarget "ICantEven Extension (macOS)" */;
			buildPhases = (
				A262917C2CEBACB500ECA317 /* Sources */,
				A262917D2CEBACB500ECA317 /* Frameworks */,
				A262917E2CEBACB500ECA317 /* Resources */,
			);
			buildRules = (
			);
			dependencies = (
			);
			fileSystemSynchronizedGroups = (
				A26291842CEBACB500ECA317 /* macOS (Extension) */,
			);
			name = "ICantEven Extension (macOS)";
			packageProductDependencies = (
			);
			productName = "ICantEven Extension (macOS)";
			productReference = A26291802CEBACB500ECA317 /* ICantEven Extension.appex */;
			productType = "com.apple.product-type.app-extension";
		};
/* End PBXNativeTarget section */

/* Begin PBXProject section */
		A262913C2CEBACB400ECA317 /* Project object */ = {
			isa = PBXProject;
			attributes = {
				BuildIndependentTargetsInParallel = 1;
				LastSwiftUpdateCheck = 1600;
				LastUpgradeCheck = 1610;
				TargetAttributes = {
					A26291572CEBACB500ECA317 = {
						CreatedOnToolsVersion = 16.0;
					};
					A26291692CEBACB500ECA317 = {
						CreatedOnToolsVersion = 16.0;
					};
					A26291752CEBACB500ECA317 = {
						CreatedOnToolsVersion = 16.0;
					};
					A262917F2CEBACB500ECA317 = {
						CreatedOnToolsVersion = 16.0;
					};
				};
			};
			buildConfigurationList = A262913F2CEBACB400ECA317 /* Build configuration list for PBXProject "ICantEven" */;
			developmentRegion = en;
			hasScannedForEncodings = 0;
			knownRegions = (
				en,
				Base,
			);
			mainGroup = A262913B2CEBACB400ECA317;
			minimizedProjectReferenceProxies = 1;
			preferredProjectObjectVersion = 77;
			productRefGroup = A26291592CEBACB500ECA317 /* Products */;
			projectDirPath = "";
			projectRoot = "";
			targets = (
				A26291572CEBACB500ECA317 /* ICantEven (iOS) */,
				A26291692CEBACB500ECA317 /* ICantEven (macOS) */,
				A26291752CEBACB500ECA317 /* ICantEven Extension (iOS) */,
				A262917F2CEBACB500ECA317 /* ICantEven Extension (macOS) */,
			);
		};
/* End PBXProject section */

/* Begin PBXResourcesBuildPhase section */
		A26291562CEBACB500ECA317 /* Resources */ = {
			isa = PBXResourcesBuildPhase;
			buildActionMask = 2147483647;
			files = (
			);
			runOnlyForDeploymentPostprocessing = 0;
		};
		A26291682CEBACB500ECA317 /* Resources */ = {
			isa = PBXResourcesBuildPhase;
			buildActionMask = 2147483647;
			files = (
			);
			runOnlyForDeploymentPostprocessing = 0;
		};
		A26291742CEBACB500ECA317 /* Resources */ = {
			isa = PBXResourcesBuildPhase;
			buildActionMask = 2147483647;
			files = (
			);
			runOnlyForDeploymentPostprocessing = 0;
		};
		A262917E2CEBACB500ECA317 /* Resources */ = {
			isa = PBXResourcesBuildPhase;
			buildActionMask = 2147483647;
			files = (
			);
			runOnlyForDeploymentPostprocessing = 0;
		};
/* End PBXResourcesBuildPhase section */

/* Begin PBXSourcesBuildPhase section */
		A26291542CEBACB500ECA317 /* Sources */ = {
			isa = PBXSourcesBuildPhase;
			buildActionMask = 2147483647;
			files = (
			);
			runOnlyForDeploymentPostprocessing = 0;
		};
		A26291662CEBACB500ECA317 /* Sources */ = {
			isa = PBXSourcesBuildPhase;
			buildActionMask = 2147483647;
			files = (
			);
			runOnlyForDeploymentPostprocessing = 0;
		};
		A26291722CEBACB500ECA317 /* Sources */ = {
			isa = PBXSourcesBuildPhase;
			buildActionMask = 2147483647;
			files = (
			);
			runOnlyForDeploymentPostprocessing = 0;
		};
		A262917C2CEBACB500ECA317 /* Sources */ = {
			isa = PBXSourcesBuildPhase;
			buildActionMask = 2147483647;
			files = (
			);
			runOnlyForDeploymentPostprocessing = 0;
		};
/* End PBXSourcesBuildPhase section */

/* Begin PBXTargetDependency section */
		A26291792CEBACB500ECA317 /* PBXTargetDependency */ = {
			isa = PBXTargetDependency;
			target = A26291752CEBACB500ECA317 /* ICantEven Extension (iOS) */;
			targetProxy = A26291782CEBACB500ECA317 /* PBXContainerItemProxy */;
		};
		A26291832CEBACB500ECA317 /* PBXTargetDependency */ = {
			isa = PBXTargetDependency;
			target = A262917F2CEBACB500ECA317 /* ICantEven Extension (macOS) */;
			targetProxy = A26291822CEBACB500ECA317 /* PBXContainerItemProxy */;
		};
/* End PBXTargetDependency section */

/* Begin XCBuildConfiguration section */
		A26291A72CEBACB500ECA317 /* Debug */ = {
			isa = XCBuildConfiguration;
			buildSettings = {
				CODE_SIGN_STYLE = Automatic;
				CURRENT_PROJECT_VERSION = 13;
				DEVELOPMENT_TEAM = UBXXTX5R7W;
				GENERATE_INFOPLIST_FILE = YES;
				INFOPLIST_FILE = "iOS (Extension)/Info.plist";
				INFOPLIST_KEY_CFBundleDisplayName = "I Can't Even News Filter";
				INFOPLIST_KEY_NSHumanReadableCopyright = "";
				IPHONEOS_DEPLOYMENT_TARGET = 15.0;
				LD_RUNPATH_SEARCH_PATHS = (
					"$(inherited)",
					"@executable_path/Frameworks",
					"@executable_path/../../Frameworks",
				);
				MARKETING_VERSION = 1.3.4;
				OTHER_LDFLAGS = (
					"-framework",
					SafariServices,
				);
				PRODUCT_BUNDLE_IDENTIFIER = org.footle.ICantEven.Extension;
				PRODUCT_NAME = "ICantEven Extension";
				SDKROOT = iphoneos;
				SKIP_INSTALL = YES;
				SWIFT_EMIT_LOC_STRINGS = YES;
				SWIFT_VERSION = 5.0;
				TARGETED_DEVICE_FAMILY = "1,2";
			};
			name = Debug;
		};
		A26291A82CEBACB500ECA317 /* Release */ = {
			isa = XCBuildConfiguration;
			buildSettings = {
				CODE_SIGN_STYLE = Automatic;
				CURRENT_PROJECT_VERSION = 13;
				DEVELOPMENT_TEAM = UBXXTX5R7W;
				GENERATE_INFOPLIST_FILE = YES;
				INFOPLIST_FILE = "iOS (Extension)/Info.plist";
				INFOPLIST_KEY_CFBundleDisplayName = "I Can't Even News Filter";
				INFOPLIST_KEY_NSHumanReadableCopyright = "";
				IPHONEOS_DEPLOYMENT_TARGET = 15.0;
				LD_RUNPATH_SEARCH_PATHS = (
					"$(inherited)",
					"@executable_path/Frameworks",
					"@executable_path/../../Frameworks",
				);
				MARKETING_VERSION = 1.3.4;
				OTHER_LDFLAGS = (
					"-framework",
					SafariServices,
				);
				PRODUCT_BUNDLE_IDENTIFIER = org.footle.ICantEven.Extension;
				PRODUCT_NAME = "ICantEven Extension";
				SDKROOT = iphoneos;
				SKIP_INSTALL = YES;
				SWIFT_EMIT_LOC_STRINGS = YES;
				SWIFT_VERSION = 5.0;
				TARGETED_DEVICE_FAMILY = "1,2";
				VALIDATE_PRODUCT = YES;
			};
			name = Release;
		};
		A26291AC2CEBACB500ECA317 /* Debug */ = {
			isa = XCBuildConfiguration;
			buildSettings = {
				ASSETCATALOG_COMPILER_APPICON_NAME = AppIcon;
				ASSETCATALOG_COMPILER_GLOBAL_ACCENT_COLOR_NAME = AccentColor;
				CODE_SIGN_STYLE = Automatic;
				CURRENT_PROJECT_VERSION = 13;
				DEVELOPMENT_TEAM = UBXXTX5R7W;
				GENERATE_INFOPLIST_FILE = YES;
				INFOPLIST_FILE = "iOS (App)/Info.plist";
				INFOPLIST_KEY_CFBundleDisplayName = "I Can't Even News Filter";
				INFOPLIST_KEY_LSApplicationCategoryType = "public.app-category.productivity";
				INFOPLIST_KEY_UIApplicationSupportsIndirectInputEvents = YES;
				INFOPLIST_KEY_UILaunchStoryboardName = LaunchScreen;
				INFOPLIST_KEY_UIMainStoryboardFile = Main;
				INFOPLIST_KEY_UISupportedInterfaceOrientations = "UIInterfaceOrientationPortrait UIInterfaceOrientationLandscapeLeft UIInterfaceOrientationLandscapeRight";
				INFOPLIST_KEY_UISupportedInterfaceOrientations_iPad = "UIInterfaceOrientationPortrait UIInterfaceOrientationPortraitUpsideDown UIInterfaceOrientationLandscapeLeft UIInterfaceOrientationLandscapeRight";
				IPHONEOS_DEPLOYMENT_TARGET = 15.0;
				LD_RUNPATH_SEARCH_PATHS = (
					"$(inherited)",
					"@executable_path/Frameworks",
				);
				MARKETING_VERSION = 1.3.4;
				OTHER_LDFLAGS = (
					"-framework",
					SafariServices,
					"-framework",
					WebKit,
				);
				PRODUCT_BUNDLE_IDENTIFIER = org.footle.ICantEven;
				PRODUCT_NAME = ICantEven;
				SDKROOT = iphoneos;
				SWIFT_EMIT_LOC_STRINGS = YES;
				SWIFT_VERSION = 5.0;
				TARGETED_DEVICE_FAMILY = "1,2";
			};
			name = Debug;
		};
		A26291AD2CEBACB500ECA317 /* Release */ = {
			isa = XCBuildConfiguration;
			buildSettings = {
				ASSETCATALOG_COMPILER_APPICON_NAME = AppIcon;
				ASSETCATALOG_COMPILER_GLOBAL_ACCENT_COLOR_NAME = AccentColor;
				CODE_SIGN_STYLE = Automatic;
				CURRENT_PROJECT_VERSION = 13;
				DEVELOPMENT_TEAM = UBXXTX5R7W;
				GENERATE_INFOPLIST_FILE = YES;
				INFOPLIST_FILE = "iOS (App)/Info.plist";
				INFOPLIST_KEY_CFBundleDisplayName = "I Can't Even News Filter";
				INFOPLIST_KEY_LSApplicationCategoryType = "public.app-category.productivity";
				INFOPLIST_KEY_UIApplicationSupportsIndirectInputEvents = YES;
				INFOPLIST_KEY_UILaunchStoryboardName = LaunchScreen;
				INFOPLIST_KEY_UIMainStoryboardFile = Main;
				INFOPLIST_KEY_UISupportedInterfaceOrientations = "UIInterfaceOrientationPortrait UIInterfaceOrientationLandscapeLeft UIInterfaceOrientationLandscapeRight";
				INFOPLIST_KEY_UISupportedInterfaceOrientations_iPad = "UIInterfaceOrientationPortrait UIInterfaceOrientationPortraitUpsideDown UIInterfaceOrientationLandscapeLeft UIInterfaceOrientationLandscapeRight";
				IPHONEOS_DEPLOYMENT_TARGET = 15.0;
				LD_RUNPATH_SEARCH_PATHS = (
					"$(inherited)",
					"@executable_path/Frameworks",
				);
				MARKETING_VERSION = 1.3.4;
				OTHER_LDFLAGS = (
					"-framework",
					SafariServices,
					"-framework",
					WebKit,
				);
				PRODUCT_BUNDLE_IDENTIFIER = org.footle.ICantEven;
				PRODUCT_NAME = ICantEven;
				SDKROOT = iphoneos;
				SWIFT_EMIT_LOC_STRINGS = YES;
				SWIFT_VERSION = 5.0;
				TARGETED_DEVICE_FAMILY = "1,2";
				VALIDATE_PRODUCT = YES;
			};
			name = Release;
		};
		A26291B12CEBACB500ECA317 /* Debug */ = {
			isa = XCBuildConfiguration;
			buildSettings = {
				CODE_SIGN_ENTITLEMENTS = "macOS (Extension)/ICantEven.entitlements";
				CODE_SIGN_STYLE = Automatic;
				CURRENT_PROJECT_VERSION = 13;
				DEAD_CODE_STRIPPING = YES;
				DEVELOPMENT_TEAM = UBXXTX5R7W;
				ENABLE_HARDENED_RUNTIME = YES;
				GENERATE_INFOPLIST_FILE = YES;
				INFOPLIST_FILE = "macOS (Extension)/Info.plist";
				INFOPLIST_KEY_CFBundleDisplayName = "I Can't Even News Filter";
				INFOPLIST_KEY_NSHumanReadableCopyright = "";
				LD_RUNPATH_SEARCH_PATHS = (
					"$(inherited)",
					"@executable_path/../Frameworks",
					"@executable_path/../../../../Frameworks",
				);
				MACOSX_DEPLOYMENT_TARGET = 11.0;
				MARKETING_VERSION = 1.3.4;
				OTHER_LDFLAGS = (
					"-framework",
					SafariServices,
				);
				PRODUCT_BUNDLE_IDENTIFIER = org.footle.ICantEven.Extension;
				PRODUCT_NAME = "ICantEven Extension";
				SDKROOT = macosx;
				SKIP_INSTALL = YES;
				SWIFT_EMIT_LOC_STRINGS = YES;
				SWIFT_VERSION = 5.0;
			};
			name = Debug;
		};
		A26291B22CEBACB500ECA317 /* Release */ = {
			isa = XCBuildConfiguration;
			buildSettings = {
				CODE_SIGN_ENTITLEMENTS = "macOS (Extension)/ICantEven.entitlements";
				CODE_SIGN_STYLE = Automatic;
				CURRENT_PROJECT_VERSION = 13;
				DEAD_CODE_STRIPPING = YES;
				DEVELOPMENT_TEAM = UBXXTX5R7W;
				ENABLE_HARDENED_RUNTIME = YES;
				GENERATE_INFOPLIST_FILE = YES;
				INFOPLIST_FILE = "macOS (Extension)/Info.plist";
				INFOPLIST_KEY_CFBundleDisplayName = "I Can't Even News Filter";
				INFOPLIST_KEY_NSHumanReadableCopyright = "";
				LD_RUNPATH_SEARCH_PATHS = (
					"$(inherited)",
					"@executable_path/../Frameworks",
					"@executable_path/../../../../Frameworks",
				);
				MACOSX_DEPLOYMENT_TARGET = 11.0;
				MARKETING_VERSION = 1.3.4;
				OTHER_LDFLAGS = (
					"-framework",
					SafariServices,
				);
				PRODUCT_BUNDLE_IDENTIFIER = org.footle.ICantEven.Extension;
				PRODUCT_NAME = "ICantEven Extension";
				SDKROOT = macosx;
				SKIP_INSTALL = YES;
				SWIFT_EMIT_LOC_STRINGS = YES;
				SWIFT_VERSION = 5.0;
			};
			name = Release;
		};
		A26291B62CEBACB500ECA317 /* Debug */ = {
			isa = XCBuildConfiguration;
			buildSettings = {
				ASSETCATALOG_COMPILER_APPICON_NAME = AppIcon;
				ASSETCATALOG_COMPILER_GLOBAL_ACCENT_COLOR_NAME = AccentColor;
				CODE_SIGN_ENTITLEMENTS = "macOS (App)/ICantEven.entitlements";
				CODE_SIGN_STYLE = Automatic;
				CURRENT_PROJECT_VERSION = 13;
				DEAD_CODE_STRIPPING = YES;
				DEVELOPMENT_TEAM = UBXXTX5R7W;
				ENABLE_HARDENED_RUNTIME = YES;
				GENERATE_INFOPLIST_FILE = YES;
				INFOPLIST_KEY_CFBundleDisplayName = "I Can't Even News Filter";
				INFOPLIST_KEY_LSApplicationCategoryType = "public.app-category.productivity";
				INFOPLIST_KEY_NSMainStoryboardFile = Main;
				INFOPLIST_KEY_NSPrincipalClass = NSApplication;
				LD_RUNPATH_SEARCH_PATHS = (
					"$(inherited)",
					"@executable_path/../Frameworks",
				);
				MACOSX_DEPLOYMENT_TARGET = 11.0;
				MARKETING_VERSION = 1.3.4;
				OTHER_LDFLAGS = (
					"-framework",
					SafariServices,
					"-framework",
					WebKit,
				);
				PRODUCT_BUNDLE_IDENTIFIER = org.footle.ICantEven;
				PRODUCT_NAME = ICantEven;
				SDKROOT = macosx;
				SWIFT_EMIT_LOC_STRINGS = YES;
				SWIFT_VERSION = 5.0;
			};
			name = Debug;
		};
		A26291B72CEBACB500ECA317 /* Release */ = {
			isa = XCBuildConfiguration;
			buildSettings = {
				ASSETCATALOG_COMPILER_APPICON_NAME = AppIcon;
				ASSETCATALOG_COMPILER_GLOBAL_ACCENT_COLOR_NAME = AccentColor;
				CODE_SIGN_ENTITLEMENTS = "macOS (App)/ICantEven.entitlements";
				CODE_SIGN_STYLE = Automatic;
				CURRENT_PROJECT_VERSION = 13;
				DEAD_CODE_STRIPPING = YES;
				DEVELOPMENT_TEAM = UBXXTX5R7W;
				ENABLE_HARDENED_RUNTIME = YES;
				GENERATE_INFOPLIST_FILE = YES;
				INFOPLIST_KEY_CFBundleDisplayName = "I Can't Even News Filter";
				INFOPLIST_KEY_LSApplicationCategoryType = "public.app-category.productivity";
				INFOPLIST_KEY_NSMainStoryboardFile = Main;
				INFOPLIST_KEY_NSPrincipalClass = NSApplication;
				LD_RUNPATH_SEARCH_PATHS = (
					"$(inherited)",
					"@executable_path/../Frameworks",
				);
				MACOSX_DEPLOYMENT_TARGET = 11.0;
				MARKETING_VERSION = 1.3.4;
				OTHER_LDFLAGS = (
					"-framework",
					SafariServices,
					"-framework",
					WebKit,
				);
				PRODUCT_BUNDLE_IDENTIFIER = org.footle.ICantEven;
				PRODUCT_NAME = ICantEven;
				SDKROOT = macosx;
				SWIFT_EMIT_LOC_STRINGS = YES;
				SWIFT_VERSION = 5.0;
			};
			name = Release;
		};
		A26291BA2CEBACB500ECA317 /* Debug */ = {
			isa = XCBuildConfiguration;
			buildSettings = {
				ALWAYS_SEARCH_USER_PATHS = NO;
				ASSETCATALOG_COMPILER_GENERATE_SWIFT_ASSET_SYMBOL_EXTENSIONS = YES;
				CLANG_ANALYZER_NONNULL = YES;
				CLANG_ANALYZER_NUMBER_OBJECT_CONVERSION = YES_AGGRESSIVE;
				CLANG_CXX_LANGUAGE_STANDARD = "gnu++20";
				CLANG_ENABLE_MODULES = YES;
				CLANG_ENABLE_OBJC_ARC = YES;
				CLANG_ENABLE_OBJC_WEAK = YES;
				CLANG_WARN_BLOCK_CAPTURE_AUTORELEASING = YES;
				CLANG_WARN_BOOL_CONVERSION = YES;
				CLANG_WARN_COMMA = YES;
				CLANG_WARN_CONSTANT_CONVERSION = YES;
				CLANG_WARN_DEPRECATED_OBJC_IMPLEMENTATIONS = YES;
				CLANG_WARN_DIRECT_OBJC_ISA_USAGE = YES_ERROR;
				CLANG_WARN_DOCUMENTATION_COMMENTS = YES;
				CLANG_WARN_EMPTY_BODY = YES;
				CLANG_WARN_ENUM_CONVERSION = YES;
				CLANG_WARN_INFINITE_RECURSION = YES;
				CLANG_WARN_INT_CONVERSION = YES;
				CLANG_WARN_NON_LITERAL_NULL_CONVERSION = YES;
				CLANG_WARN_OBJC_IMPLICIT_RETAIN_SELF = YES;
				CLANG_WARN_OBJC_LITERAL_CONVERSION = YES;
				CLANG_WARN_OBJC_ROOT_CLASS = YES_ERROR;
				CLANG_WARN_QUOTED_INCLUDE_IN_FRAMEWORK_HEADER = YES;
				CLANG_WARN_RANGE_LOOP_ANALYSIS = YES;
				CLANG_WARN_STRICT_PROTOTYPES = YES;
				CLANG_WARN_SUSPICIOUS_MOVE = YES;
				CLANG_WARN_UNGUARDED_AVAILABILITY = YES_AGGRESSIVE;
				CLANG_WARN_UNREACHABLE_CODE = YES;
				CLANG_WARN__DUPLICATE_METHOD_MATCH = YES;
				COPY_PHASE_STRIP = NO;
				DEAD_CODE_STRIPPING = YES;
				DEBUG_INFORMATION_FORMAT = dwarf;
				ENABLE_STRICT_OBJC_MSGSEND = YES;
				ENABLE_TESTABILITY = YES;
				ENABLE_USER_SCRIPT_SANDBOXING = YES;
				GCC_C_LANGUAGE_STANDARD = gnu17;
				GCC_DYNAMIC_NO_PIC = NO;
				GCC_NO_COMMON_BLOCKS = YES;
				GCC_OPTIMIZATION_LEVEL = 0;
				GCC_PREPROCESSOR_DEFINITIONS = (
					"DEBUG=1",
					"$(inherited)",
				);
				GCC_WARN_64_TO_32_BIT_CONVERSION = YES;
				GCC_WARN_ABOUT_RETURN_TYPE = YES_ERROR;
				GCC_WARN_UNDECLARED_SELECTOR = YES;
				GCC_WARN_UNINITIALIZED_AUTOS = YES_AGGRESSIVE;
				GCC_WARN_UNUSED_FUNCTION = YES;
				GCC_WARN_UNUSED_VARIABLE = YES;
				LOCALIZATION_PREFERS_STRING_CATALOGS = YES;
				MTL_ENABLE_DEBUG_INFO = INCLUDE_SOURCE;
				MTL_FAST_MATH = YES;
				ONLY_ACTIVE_ARCH = YES;
				SWIFT_ACTIVE_COMPILATION_CONDITIONS = "DEBUG $(inherited)";
				SWIFT_OPTIMIZATION_LEVEL = "-Onone";
			};
			name = Debug;
		};
		A26291BB2CEBACB500ECA317 /* Release */ = {
			isa = XCBuildConfiguration;
			buildSettings = {
				ALWAYS_SEARCH_USER_PATHS = NO;
				ASSETCATALOG_COMPILER_GENERATE_SWIFT_ASSET_SYMBOL_EXTENSIONS = YES;
				CLANG_ANALYZER_NONNULL = YES;
				CLANG_ANALYZER_NUMBER_OBJECT_CONVERSION = YES_AGGRESSIVE;
				CLANG_CXX_LANGUAGE_STANDARD = "gnu++20";
				CLANG_ENABLE_MODULES = YES;
				CLANG_ENABLE_OBJC_ARC = YES;
				CLANG_ENABLE_OBJC_WEAK = YES;
				CLANG_WARN_BLOCK_CAPTURE_AUTORELEASING = YES;
				CLANG_WARN_BOOL_CONVERSION = YES;
				CLANG_WARN_COMMA = YES;
				CLANG_WARN_CONSTANT_CONVERSION = YES;
				CLANG_WARN_DEPRECATED_OBJC_IMPLEMENTATIONS = YES;
				CLANG_WARN_DIRECT_OBJC_ISA_USAGE = YES_ERROR;
				CLANG_WARN_DOCUMENTATION_COMMENTS = YES;
				CLANG_WARN_EMPTY_BODY = YES;
				CLANG_WARN_ENUM_CONVERSION = YES;
				CLANG_WARN_INFINITE_RECURSION = YES;
				CLANG_WARN_INT_CONVERSION = YES;
				CLANG_WARN_NON_LITERAL_NULL_CONVERSION = YES;
				CLANG_WARN_OBJC_IMPLICIT_RETAIN_SELF = YES;
				CLANG_WARN_OBJC_LITERAL_CONVERSION = YES;
				CLANG_WARN_OBJC_ROOT_CLASS = YES_ERROR;
				CLANG_WARN_QUOTED_INCLUDE_IN_FRAMEWORK_HEADER = YES;
				CLANG_WARN_RANGE_LOOP_ANALYSIS = YES;
				CLANG_WARN_STRICT_PROTOTYPES = YES;
				CLANG_WARN_SUSPICIOUS_MOVE = YES;
				CLANG_WARN_UNGUARDED_AVAILABILITY = YES_AGGRESSIVE;
				CLANG_WARN_UNREACHABLE_CODE = YES;
				CLANG_WARN__DUPLICATE_METHOD_MATCH = YES;
				COPY_PHASE_STRIP = NO;
				DEAD_CODE_STRIPPING = YES;
				DEBUG_INFORMATION_FORMAT = "dwarf-with-dsym";
				ENABLE_NS_ASSERTIONS = NO;
				ENABLE_STRICT_OBJC_MSGSEND = YES;
				ENABLE_USER_SCRIPT_SANDBOXING = YES;
				GCC_C_LANGUAGE_STANDARD = gnu17;
				GCC_NO_COMMON_BLOCKS = YES;
				GCC_WARN_64_TO_32_BIT_CONVERSION = YES;
				GCC_WARN_ABOUT_RETURN_TYPE = YES_ERROR;
				GCC_WARN_UNDECLARED_SELECTOR = YES;
				GCC_WARN_UNINITIALIZED_AUTOS = YES_AGGRESSIVE;
				GCC_WARN_UNUSED_FUNCTION = YES;
				GCC_WARN_UNUSED_VARIABLE = YES;
				LOCALIZATION_PREFERS_STRING_CATALOGS = YES;
				MTL_ENABLE_DEBUG_INFO = NO;
				MTL_FAST_MATH = YES;
				SWIFT_COMPILATION_MODE = wholemodule;
			};
			name = Release;
		};
/* End XCBuildConfiguration section */

/* Begin XCConfigurationList section */
		A262913F2CEBACB400ECA317 /* Build configuration list for PBXProject "ICantEven" */ = {
			isa = XCConfigurationList;
			buildConfigurations = (
				A26291BA2CEBACB500ECA317 /* Debug */,
				A26291BB2CEBACB500ECA317 /* Release */,
			);
			defaultConfigurationIsVisible = 0;
			defaultConfigurationName = Release;
		};
		A26291A62CEBACB500ECA317 /* Build configuration list for PBXNativeTarget "ICantEven Extension (iOS)" */ = {
			isa = XCConfigurationList;
			buildConfigurations = (
				A26291A72CEBACB500ECA317 /* Debug */,
				A26291A82CEBACB500ECA317 /* Release */,
			);
			defaultConfigurationIsVisible = 0;
			defaultConfigurationName = Release;
		};
		A26291AB2CEBACB500ECA317 /* Build configuration list for PBXNativeTarget "ICantEven (iOS)" */ = {
			isa = XCConfigurationList;
			buildConfigurations = (
				A26291AC2CEBACB500ECA317 /* Debug */,
				A26291AD2CEBACB500ECA317 /* Release */,
			);
			defaultConfigurationIsVisible = 0;
			defaultConfigurationName = Release;
		};
		A26291B02CEBACB500ECA317 /* Build configuration list for PBXNativeTarget "ICantEven Extension (macOS)" */ = {
			isa = XCConfigurationList;
			buildConfigurations = (
				A26291B12CEBACB500ECA317 /* Debug */,
				A26291B22CEBACB500ECA317 /* Release */,
			);
			defaultConfigurationIsVisible = 0;
			defaultConfigurationName = Release;
		};
		A26291B52CEBACB500ECA317 /* Build configuration list for PBXNativeTarget "ICantEven (macOS)" */ = {
			isa = XCConfigurationList;
			buildConfigurations = (
				A26291B62CEBACB500ECA317 /* Debug */,
				A26291B72CEBACB500ECA317 /* Release */,
			);
			defaultConfigurationIsVisible = 0;
			defaultConfigurationName = Release;
		};
/* End XCConfigurationList section */
	};
	rootObject = A262913C2CEBACB400ECA317 /* Project object */;
}
